
Microsoft Visual Studio Solution File, Format Version 12.00
# Visual Studio Version 17
VisualStudioVersion = 17.0.31611.283
MinimumVisualStudioVersion = 10.0.40219.1
Project("{2150E333-8FDC-42A3-9474-1A3956D46DE8}") = "10_Gui", "10_Gui", "{1CC32763-A1A7-4C92-9A72-2656B6B0A22D}"
EndProject
Project("{2150E333-8FDC-42A3-9474-1A3956D46DE8}") = "25_Binding", "25_Binding", "{849044AC-31AC-46BE-830B-7DDD4F9E0DE6}"
EndProject
Project("{2150E333-8FDC-42A3-9474-1A3956D46DE8}") = "30_Logic", "30_Logic", "{EDA15262-CB75-4808-A08C-DFAE5D6ED5D7}"
EndProject
Project("{2150E333-8FDC-42A3-9474-1A3956D46DE8}") = "40_Data", "40_Data", "{E1916008-4DCC-499B-99A4-9C3E4B176546}"
EndProject
Project("{9A19103F-16F7-4668-BE54-9A1E7A4F7556}") = "Binding.Gui.App", "25_Binding\Binding.Gui.App\Binding.Gui.App.csproj", "{98212C7A-766A-4065-ABA5-A53621AF5D8A}"
EndProject
Project("{2150E333-8FDC-42A3-9474-1A3956D46DE8}") = "90_DomainModels", "90_DomainModels", "{A43AA0C7-5430-4541-ABB9-A8CE76247604}"
EndProject
Project("{FAE04EC0-301F-11D3-BF4B-00C04F79EFBC}") = "Interfaces", "30_Logic\Interfaces\Interfaces.csproj", "{3E12495B-C24D-49E0-A62F-63AE4A83CBC0}"
EndProject
Project("{FAE04EC0-301F-11D3-BF4B-00C04F79EFBC}") = "Tests", "30_Logic\Tests\Tests.csproj", "{54734737-7AD5-4ACF-99EB-5A1AA6864C72}"
EndProject
Project("{FAE04EC0-301F-11D3-BF4B-00C04F79EFBC}") = "Implementation", "30_Logic\Implementation\Implementation.csproj", "{19D95809-1D77-4B53-BBD6-7F32B30D3787}"
EndProject
Project("{FAE04EC0-301F-11D3-BF4B-00C04F79EFBC}") = "Implementation", "40_Data\Implementation\Implementation.csproj", "{57033BD3-BCBB-48E3-8999-AD4090CF32BE}"
EndProject
Project("{FAE04EC0-301F-11D3-BF4B-00C04F79EFBC}") = "Interfaces", "40_Data\Interfaces\Interfaces.csproj", "{1D6B5739-12DA-433D-B331-14951C9C65E1}"
EndProject
Project("{FAE04EC0-301F-11D3-BF4B-00C04F79EFBC}") = "Tests", "40_Data\Tests\Tests.csproj", "{770CC58B-F54C-40B8-8452-B5E1D760930E}"
EndProject
Project("{FAE04EC0-301F-11D3-BF4B-00C04F79EFBC}") = "Internal", "90_DomainModels\Internal\Internal.csproj", "{7BE2BAD8-B20F-4519-8211-FCE9617C7A82}"
EndProject
Project("{FAE04EC0-301F-11D3-BF4B-00C04F79EFBC}") = "App", "10_Gui\App\App.csproj", "{C96746EE-927C-492A-8EDE-1958E0B582D0}"
EndProject
Global
	GlobalSection(SolutionConfigurationPlatforms) = preSolution
		Debug|Any CPU = Debug|Any CPU
		Debug|arm64 = Debug|arm64
		Debug|x86 = Debug|x86
		Release|Any CPU = Release|Any CPU
		Release|arm64 = Release|arm64
		Release|x86 = Release|x86
	EndGlobalSection
	GlobalSection(ProjectConfigurationPlatforms) = postSolution
		{98212C7A-766A-4065-ABA5-A53621AF5D8A}.Debug|Any CPU.ActiveCfg = Debug|Any CPU
		{98212C7A-766A-4065-ABA5-A53621AF5D8A}.Debug|Any CPU.Build.0 = Debug|Any CPU
		{98212C7A-766A-4065-ABA5-A53621AF5D8A}.Debug|arm64.ActiveCfg = Debug|Any CPU
		{98212C7A-766A-4065-ABA5-A53621AF5D8A}.Debug|arm64.Build.0 = Debug|Any CPU
		{98212C7A-766A-4065-ABA5-A53621AF5D8A}.Debug|x86.ActiveCfg = Debug|Any CPU
		{98212C7A-766A-4065-ABA5-A53621AF5D8A}.Debug|x86.Build.0 = Debug|Any CPU
		{98212C7A-766A-4065-ABA5-A53621AF5D8A}.Release|Any CPU.ActiveCfg = Release|Any CPU
		{98212C7A-766A-4065-ABA5-A53621AF5D8A}.Release|Any CPU.Build.0 = Release|Any CPU
		{98212C7A-766A-4065-ABA5-A53621AF5D8A}.Release|arm64.ActiveCfg = Release|Any CPU
		{98212C7A-766A-4065-ABA5-A53621AF5D8A}.Release|arm64.Build.0 = Release|Any CPU
		{98212C7A-766A-4065-ABA5-A53621AF5D8A}.Release|x86.ActiveCfg = Release|Any CPU
		{98212C7A-766A-4065-ABA5-A53621AF5D8A}.Release|x86.Build.0 = Release|Any CPU
		{3E12495B-C24D-49E0-A62F-63AE4A83CBC0}.Debug|Any CPU.ActiveCfg = Debug|Any CPU
		{3E12495B-C24D-49E0-A62F-63AE4A83CBC0}.Debug|Any CPU.Build.0 = Debug|Any CPU
		{3E12495B-C24D-49E0-A62F-63AE4A83CBC0}.Debug|arm64.ActiveCfg = Debug|Any CPU
		{3E12495B-C24D-49E0-A62F-63AE4A83CBC0}.Debug|arm64.Build.0 = Debug|Any CPU
		{3E12495B-C24D-49E0-A62F-63AE4A83CBC0}.Debug|x86.ActiveCfg = Debug|Any CPU
		{3E12495B-C24D-49E0-A62F-63AE4A83CBC0}.Debug|x86.Build.0 = Debug|Any CPU
		{3E12495B-C24D-49E0-A62F-63AE4A83CBC0}.Release|Any CPU.ActiveCfg = Release|Any CPU
		{3E12495B-C24D-49E0-A62F-63AE4A83CBC0}.Release|Any CPU.Build.0 = Release|Any CPU
		{3E12495B-C24D-49E0-A62F-63AE4A83CBC0}.Release|arm64.ActiveCfg = Release|Any CPU
		{3E12495B-C24D-49E0-A62F-63AE4A83CBC0}.Release|arm64.Build.0 = Release|Any CPU
		{3E12495B-C24D-49E0-A62F-63AE4A83CBC0}.Release|x86.ActiveCfg = Release|Any CPU
		{3E12495B-C24D-49E0-A62F-63AE4A83CBC0}.Release|x86.Build.0 = Release|Any CPU
		{54734737-7AD5-4ACF-99EB-5A1AA6864C72}.Debug|Any CPU.ActiveCfg = Debug|Any CPU
		{54734737-7AD5-4ACF-99EB-5A1AA6864C72}.Debug|Any CPU.Build.0 = Debug|Any CPU
		{54734737-7AD5-4ACF-99EB-5A1AA6864C72}.Debug|arm64.ActiveCfg = Debug|Any CPU
		{54734737-7AD5-4ACF-99EB-5A1AA6864C72}.Debug|arm64.Build.0 = Debug|Any CPU
		{54734737-7AD5-4ACF-99EB-5A1AA6864C72}.Debug|x86.ActiveCfg = Debug|Any CPU
		{54734737-7AD5-4ACF-99EB-5A1AA6864C72}.Debug|x86.Build.0 = Debug|Any CPU
		{54734737-7AD5-4ACF-99EB-5A1AA6864C72}.Release|Any CPU.ActiveCfg = Release|Any CPU
		{54734737-7AD5-4ACF-99EB-5A1AA6864C72}.Release|Any CPU.Build.0 = Release|Any CPU
		{54734737-7AD5-4ACF-99EB-5A1AA6864C72}.Release|arm64.ActiveCfg = Release|Any CPU
		{54734737-7AD5-4ACF-99EB-5A1AA6864C72}.Release|arm64.Build.0 = Release|Any CPU
		{54734737-7AD5-4ACF-99EB-5A1AA6864C72}.Release|x86.ActiveCfg = Release|Any CPU
		{54734737-7AD5-4ACF-99EB-5A1AA6864C72}.Release|x86.Build.0 = Release|Any CPU
		{19D95809-1D77-4B53-BBD6-7F32B30D3787}.Debug|Any CPU.ActiveCfg = Debug|Any CPU
		{19D95809-1D77-4B53-BBD6-7F32B30D3787}.Debug|Any CPU.Build.0 = Debug|Any CPU
		{19D95809-1D77-4B53-BBD6-7F32B30D3787}.Debug|arm64.ActiveCfg = Debug|Any CPU
		{19D95809-1D77-4B53-BBD6-7F32B30D3787}.Debug|arm64.Build.0 = Debug|Any CPU
		{19D95809-1D77-4B53-BBD6-7F32B30D3787}.Debug|x86.ActiveCfg = Debug|Any CPU
		{19D95809-1D77-4B53-BBD6-7F32B30D3787}.Debug|x86.Build.0 = Debug|Any CPU
		{19D95809-1D77-4B53-BBD6-7F32B30D3787}.Release|Any CPU.ActiveCfg = Release|Any CPU
		{19D95809-1D77-4B53-BBD6-7F32B30D3787}.Release|Any CPU.Build.0 = Release|Any CPU
		{19D95809-1D77-4B53-BBD6-7F32B30D3787}.Release|arm64.ActiveCfg = Release|Any CPU
		{19D95809-1D77-4B53-BBD6-7F32B30D3787}.Release|arm64.Build.0 = Release|Any CPU
		{19D95809-1D77-4B53-BBD6-7F32B30D3787}.Release|x86.ActiveCfg = Release|Any CPU
		{19D95809-1D77-4B53-BBD6-7F32B30D3787}.Release|x86.Build.0 = Release|Any CPU
		{57033BD3-BCBB-48E3-8999-AD4090CF32BE}.Debug|Any CPU.ActiveCfg = Debug|Any CPU
		{57033BD3-BCBB-48E3-8999-AD4090CF32BE}.Debug|Any CPU.Build.0 = Debug|Any CPU
		{57033BD3-BCBB-48E3-8999-AD4090CF32BE}.Debug|arm64.ActiveCfg = Debug|Any CPU
		{57033BD3-BCBB-48E3-8999-AD4090CF32BE}.Debug|arm64.Build.0 = Debug|Any CPU
		{57033BD3-BCBB-48E3-8999-AD4090CF32BE}.Debug|x86.ActiveCfg = Debug|Any CPU
		{57033BD3-BCBB-48E3-8999-AD4090CF32BE}.Debug|x86.Build.0 = Debug|Any CPU
		{57033BD3-BCBB-48E3-8999-AD4090CF32BE}.Release|Any CPU.ActiveCfg = Release|Any CPU
		{57033BD3-BCBB-48E3-8999-AD4090CF32BE}.Release|Any CPU.Build.0 = Release|Any CPU
		{57033BD3-BCBB-48E3-8999-AD4090CF32BE}.Release|arm64.ActiveCfg = Release|Any CPU
		{57033BD3-BCBB-48E3-8999-AD4090CF32BE}.Release|arm64.Build.0 = Release|Any CPU
		{57033BD3-BCBB-48E3-8999-AD4090CF32BE}.Release|x86.ActiveCfg = Release|Any CPU
		{57033BD3-BCBB-48E3-8999-AD4090CF32BE}.Release|x86.Build.0 = Release|Any CPU
		{1D6B5739-12DA-433D-B331-14951C9C65E1}.Debug|Any CPU.ActiveCfg = Debug|Any CPU
		{1D6B5739-12DA-433D-B331-14951C9C65E1}.Debug|Any CPU.Build.0 = Debug|Any CPU
		{1D6B5739-12DA-433D-B331-14951C9C65E1}.Debug|arm64.ActiveCfg = Debug|Any CPU
		{1D6B5739-12DA-433D-B331-14951C9C65E1}.Debug|arm64.Build.0 = Debug|Any CPU
		{1D6B5739-12DA-433D-B331-14951C9C65E1}.Debug|x86.ActiveCfg = Debug|Any CPU
		{1D6B5739-12DA-433D-B331-14951C9C65E1}.Debug|x86.Build.0 = Debug|Any CPU
		{1D6B5739-12DA-433D-B331-14951C9C65E1}.Release|Any CPU.ActiveCfg = Release|Any CPU
		{1D6B5739-12DA-433D-B331-14951C9C65E1}.Release|Any CPU.Build.0 = Release|Any CPU
		{1D6B5739-12DA-433D-B331-14951C9C65E1}.Release|arm64.ActiveCfg = Release|Any CPU
		{1D6B5739-12DA-433D-B331-14951C9C65E1}.Release|arm64.Build.0 = Release|Any CPU
		{1D6B5739-12DA-433D-B331-14951C9C65E1}.Release|x86.ActiveCfg = Release|Any CPU
		{1D6B5739-12DA-433D-B331-14951C9C65E1}.Release|x86.Build.0 = Release|Any CPU
		{770CC58B-F54C-40B8-8452-B5E1D760930E}.Debug|Any CPU.ActiveCfg = Debug|Any CPU
		{770CC58B-F54C-40B8-8452-B5E1D760930E}.Debug|Any CPU.Build.0 = Debug|Any CPU
		{770CC58B-F54C-40B8-8452-B5E1D760930E}.Debug|arm64.ActiveCfg = Debug|Any CPU
		{770CC58B-F54C-40B8-8452-B5E1D760930E}.Debug|arm64.Build.0 = Debug|Any CPU
		{770CC58B-F54C-40B8-8452-B5E1D760930E}.Debug|x86.ActiveCfg = Debug|Any CPU
		{770CC58B-F54C-40B8-8452-B5E1D760930E}.Debug|x86.Build.0 = Debug|Any CPU
		{770CC58B-F54C-40B8-8452-B5E1D760930E}.Release|Any CPU.ActiveCfg = Release|Any CPU
		{770CC58B-F54C-40B8-8452-B5E1D760930E}.Release|Any CPU.Build.0 = Release|Any CPU
		{770CC58B-F54C-40B8-8452-B5E1D760930E}.Release|arm64.ActiveCfg = Release|Any CPU
		{770CC58B-F54C-40B8-8452-B5E1D760930E}.Release|arm64.Build.0 = Release|Any CPU
		{770CC58B-F54C-40B8-8452-B5E1D760930E}.Release|x86.ActiveCfg = Release|Any CPU
		{770CC58B-F54C-40B8-8452-B5E1D760930E}.Release|x86.Build.0 = Release|Any CPU
		{7BE2BAD8-B20F-4519-8211-FCE9617C7A82}.Debug|Any CPU.ActiveCfg = Debug|Any CPU
		{7BE2BAD8-B20F-4519-8211-FCE9617C7A82}.Debug|Any CPU.Build.0 = Debug|Any CPU
		{7BE2BAD8-B20F-4519-8211-FCE9617C7A82}.Debug|arm64.ActiveCfg = Debug|Any CPU
		{7BE2BAD8-B20F-4519-8211-FCE9617C7A82}.Debug|arm64.Build.0 = Debug|Any CPU
		{7BE2BAD8-B20F-4519-8211-FCE9617C7A82}.Debug|x86.ActiveCfg = Debug|Any CPU
		{7BE2BAD8-B20F-4519-8211-FCE9617C7A82}.Debug|x86.Build.0 = Debug|Any CPU
		{7BE2BAD8-B20F-4519-8211-FCE9617C7A82}.Release|Any CPU.ActiveCfg = Release|Any CPU
		{7BE2BAD8-B20F-4519-8211-FCE9617C7A82}.Release|Any CPU.Build.0 = Release|Any CPU
		{7BE2BAD8-B20F-4519-8211-FCE9617C7A82}.Release|arm64.ActiveCfg = Release|Any CPU
		{7BE2BAD8-B20F-4519-8211-FCE9617C7A82}.Release|arm64.Build.0 = Release|Any CPU
		{7BE2BAD8-B20F-4519-8211-FCE9617C7A82}.Release|x86.ActiveCfg = Release|Any CPU
		{7BE2BAD8-B20F-4519-8211-FCE9617C7A82}.Release|x86.Build.0 = Release|Any CPU
		{C96746EE-927C-492A-8EDE-1958E0B582D0}.Debug|Any CPU.ActiveCfg = Debug|Any CPU
		{C96746EE-927C-492A-8EDE-1958E0B582D0}.Debug|Any CPU.Build.0 = Debug|Any CPU
		{C96746EE-927C-492A-8EDE-1958E0B582D0}.Debug|Any CPU.Deploy.0 = Debug|Any CPU
		{C96746EE-927C-492A-8EDE-1958E0B582D0}.Debug|arm64.ActiveCfg = Debug|Any CPU
		{C96746EE-927C-492A-8EDE-1958E0B582D0}.Debug|arm64.Build.0 = Debug|Any CPU
		{C96746EE-927C-492A-8EDE-1958E0B582D0}.Debug|arm64.Deploy.0 = Debug|Any CPU
		{C96746EE-927C-492A-8EDE-1958E0B582D0}.Debug|x86.ActiveCfg = Debug|Any CPU
		{C96746EE-927C-492A-8EDE-1958E0B582D0}.Debug|x86.Build.0 = Debug|Any CPU
		{C96746EE-927C-492A-8EDE-1958E0B582D0}.Debug|x86.Deploy.0 = Debug|Any CPU
		{C96746EE-927C-492A-8EDE-1958E0B582D0}.Release|Any CPU.ActiveCfg = Release|Any CPU
		{C96746EE-927C-492A-8EDE-1958E0B582D0}.Release|Any CPU.Build.0 = Release|Any CPU
		{C96746EE-927C-492A-8EDE-1958E0B582D0}.Release|Any CPU.Deploy.0 = Release|Any CPU
		{C96746EE-927C-492A-8EDE-1958E0B582D0}.Release|arm64.ActiveCfg = Release|Any CPU
		{C96746EE-927C-492A-8EDE-1958E0B582D0}.Release|arm64.Build.0 = Release|Any CPU
		{C96746EE-927C-492A-8EDE-1958E0B582D0}.Release|arm64.Deploy.0 = Release|Any CPU
		{C96746EE-927C-492A-8EDE-1958E0B582D0}.Release|x86.ActiveCfg = Release|Any CPU
		{C96746EE-927C-492A-8EDE-1958E0B582D0}.Release|x86.Build.0 = Release|Any CPU
		{C96746EE-927C-492A-8EDE-1958E0B582D0}.Release|x86.Deploy.0 = Release|Any CPU
	EndGlobalSection
	GlobalSection(SolutionProperties) = preSolution
		HideSolutionNode = FALSE
	EndGlobalSection
	GlobalSection(NestedProjects) = preSolution
		{98212C7A-766A-4065-ABA5-A53621AF5D8A} = {849044AC-31AC-46BE-830B-7DDD4F9E0DE6}
		{3E12495B-C24D-49E0-A62F-63AE4A83CBC0} = {EDA15262-CB75-4808-A08C-DFAE5D6ED5D7}
		{54734737-7AD5-4ACF-99EB-5A1AA6864C72} = {EDA15262-CB75-4808-A08C-DFAE5D6ED5D7}
		{19D95809-1D77-4B53-BBD6-7F32B30D3787} = {EDA15262-CB75-4808-A08C-DFAE5D6ED5D7}
		{57033BD3-BCBB-48E3-8999-AD4090CF32BE} = {E1916008-4DCC-499B-99A4-9C3E4B176546}
		{1D6B5739-12DA-433D-B331-14951C9C65E1} = {E1916008-4DCC-499B-99A4-9C3E4B176546}
		{770CC58B-F54C-40B8-8452-B5E1D760930E} = {E1916008-4DCC-499B-99A4-9C3E4B176546}
		{7BE2BAD8-B20F-4519-8211-FCE9617C7A82} = {A43AA0C7-5430-4541-ABB9-A8CE76247604}
		{C96746EE-927C-492A-8EDE-1958E0B582D0} = {1CC32763-A1A7-4C92-9A72-2656B6B0A22D}
	EndGlobalSection
	GlobalSection(ExtensibilityGlobals) = postSolution
		SolutionGuid = {61F7FB11-1E47-470C-91E2-47F8143E1572}
	EndGlobalSection
EndGlobal
